
Microsoft Visual Studio Solution File, Format Version 12.00
# Visual Studio Version 17
VisualStudioVersion = 17.9.34701.34
MinimumVisualStudioVersion = 10.0.40219.1
Project("{FAE04EC0-301F-11D3-BF4B-00C04F79EFBC}") = "SSH-Artillery", "MPT-Artillery\SSH-Artillery.csproj", "{EEA86378-4AA2-4AEA-801F-B326C34D83BA}"
EndProject
Global
	GlobalSection(SolutionConfigurationPlatforms) = preSolution
		Debug|Any CPU = Debug|Any CPU
		Release|Any CPU = Release|Any CPU
	EndGlobalSection
	GlobalSection(ProjectConfigurationPlatforms) = postSolution
		{EEA86378-4AA2-4AEA-801F-B326C34D83BA}.Debug|Any CPU.ActiveCfg = Debug|Any CPU
		{EEA86378-4AA2-4AEA-801F-B326C34D83BA}.Debug|Any CPU.Build.0 = Debug|Any CPU
		{EEA86378-4AA2-4AEA-801F-B326C34D83BA}.Release|Any CPU.ActiveCfg = Release|Any CPU
		{EEA86378-4AA2-4AEA-801F-B326C34D83BA}.Release|Any CPU.Build.0 = Release|Any CPU
	EndGlobalSection
	GlobalSection(SolutionProperties) = preSolution
		HideSolutionNode = FALSE
	EndGlobalSection
	GlobalSection(ExtensibilityGlobals) = postSolution
		SolutionGuid = {50879ADB-4F51-4E0C-ACBE-DBCBA4261DDF}
	EndGlobalSection
EndGlobal
